
Microsoft Visual Studio Solution File, Format Version 12.00
# Visual Studio Version 16
VisualStudioVersion = 16.0.31005.135
MinimumVisualStudioVersion = 10.0.40219.1
Project("{FAE04EC0-301F-11D3-BF4B-00C04F79EFBC}") = "Lesson10_Task2", "Lesson10_Task2\Lesson10_Task2.csproj", "{3C5A5399-A23C-4721-BA55-3DE9D8EC65B8}"
EndProject
Project("{FAE04EC0-301F-11D3-BF4B-00C04F79EFBC}") = "Woker_Initialization", "Woker\Woker_Initialization.csproj", "{309869B4-B97F-407E-82F6-081B41D28899}"
EndProject
Global
	GlobalSection(SolutionConfigurationPlatforms) = preSolution
		Debug|Any CPU = Debug|Any CPU
		Release|Any CPU = Release|Any CPU
	EndGlobalSection
	GlobalSection(ProjectConfigurationPlatforms) = postSolution
		{3C5A5399-A23C-4721-BA55-3DE9D8EC65B8}.Debug|Any CPU.ActiveCfg = Debug|Any CPU
		{3C5A5399-A23C-4721-BA55-3DE9D8EC65B8}.Debug|Any CPU.Build.0 = Debug|Any CPU
		{3C5A5399-A23C-4721-BA55-3DE9D8EC65B8}.Release|Any CPU.ActiveCfg = Release|Any CPU
		{3C5A5399-A23C-4721-BA55-3DE9D8EC65B8}.Release|Any CPU.Build.0 = Release|Any CPU
		{309869B4-B97F-407E-82F6-081B41D28899}.Debug|Any CPU.ActiveCfg = Debug|Any CPU
		{309869B4-B97F-407E-82F6-081B41D28899}.Debug|Any CPU.Build.0 = Debug|Any CPU
		{309869B4-B97F-407E-82F6-081B41D28899}.Release|Any CPU.ActiveCfg = Release|Any CPU
		{309869B4-B97F-407E-82F6-081B41D28899}.Release|Any CPU.Build.0 = Release|Any CPU
	EndGlobalSection
	GlobalSection(SolutionProperties) = preSolution
		HideSolutionNode = FALSE
	EndGlobalSection
	GlobalSection(ExtensibilityGlobals) = postSolution
		SolutionGuid = {7D7671CD-D334-4D01-9278-DA2257777BA5}
	EndGlobalSection
EndGlobal
