
Microsoft Visual Studio Solution File, Format Version 12.00
# Visual Studio Version 16
VisualStudioVersion = 16.0.31005.135
MinimumVisualStudioVersion = 10.0.40219.1
Project("{FAE04EC0-301F-11D3-BF4B-00C04F79EFBC}") = "Lesson10_Task1", "Lesson10_Task1\Lesson10_Task1.csproj", "{3956C057-5C3C-4813-AC0D-076764EB6AB2}"
EndProject
Project("{FAE04EC0-301F-11D3-BF4B-00C04F79EFBC}") = "Person_Initialization", "Person_Initialization\Person_Initialization.csproj", "{A5982520-93AD-42E8-A043-90A04840AEBC}"
EndProject
Global
	GlobalSection(SolutionConfigurationPlatforms) = preSolution
		Debug|Any CPU = Debug|Any CPU
		Release|Any CPU = Release|Any CPU
	EndGlobalSection
	GlobalSection(ProjectConfigurationPlatforms) = postSolution
		{3956C057-5C3C-4813-AC0D-076764EB6AB2}.Debug|Any CPU.ActiveCfg = Debug|Any CPU
		{3956C057-5C3C-4813-AC0D-076764EB6AB2}.Debug|Any CPU.Build.0 = Debug|Any CPU
		{3956C057-5C3C-4813-AC0D-076764EB6AB2}.Release|Any CPU.ActiveCfg = Release|Any CPU
		{3956C057-5C3C-4813-AC0D-076764EB6AB2}.Release|Any CPU.Build.0 = Release|Any CPU
		{A5982520-93AD-42E8-A043-90A04840AEBC}.Debug|Any CPU.ActiveCfg = Debug|Any CPU
		{A5982520-93AD-42E8-A043-90A04840AEBC}.Debug|Any CPU.Build.0 = Debug|Any CPU
		{A5982520-93AD-42E8-A043-90A04840AEBC}.Release|Any CPU.ActiveCfg = Release|Any CPU
		{A5982520-93AD-42E8-A043-90A04840AEBC}.Release|Any CPU.Build.0 = Release|Any CPU
	EndGlobalSection
	GlobalSection(SolutionProperties) = preSolution
		HideSolutionNode = FALSE
	EndGlobalSection
	GlobalSection(ExtensibilityGlobals) = postSolution
		SolutionGuid = {519FBB44-6E1B-4AA7-868B-7806D00D34E4}
	EndGlobalSection
EndGlobal
